{
  "nodes": {
    "flake-utils": {
      "locked": {
        "lastModified": 1659877975,
        "narHash": "sha256-zllb8aq3YO3h8B/U0/J1WBgAL8EX5yWf5pMj3G0NAmc=",
        "owner": "numtide",
        "repo": "flake-utils",
        "rev": "c0e246b9b83f637f4681389ecabcb2681b4f3af0",
        "type": "github"
      },
      "original": {
        "owner": "numtide",
        "repo": "flake-utils",
        "type": "github"
      }
    },
    "nixpkgs": {
      "locked": {
        "lastModified": 1663905476,
        "narHash": "sha256-0CSwRKaYravh9v6qSlBpM0gNg0UhKT2lL7Yn6Zbx7UM=",
        "owner": "NixOS",
        "repo": "nixpkgs",
        "rev": "e14f9fb57315f0d4abde222364f19f88c77d2b79",
        "type": "github"
      },
      "original": {
        "owner": "NixOS",
        "ref": "nixpkgs-unstable",
        "repo": "nixpkgs",
        "type": "github"
      }
    },
    "nixpkgs-master": {
      "locked": {
        "lastModified": 1664013848,
        "narHash": "sha256-XW3SR5cxjWIHNHdCgCDgj8zdaE464SIPiLDYGcWWST0=",
        "owner": "NixOS",
        "repo": "nixpkgs",
        "rev": "1f23dadab708c028257044ac9a777e065d1149e1",
        "type": "github"
      },
      "original": {
        "owner": "NixOS",
        "ref": "master",
        "repo": "nixpkgs",
        "type": "github"
      }
    },
    "nixpkgs-pydata-sphinx-theme": {
      "locked": {
        "lastModified": 1656818787,
        "narHash": "sha256-hA4bxICiOpRzmAscnMPbaBJIKNUVDEbf0wg8q2iwDOs=",
        "owner": "NixOS",
        "repo": "nixpkgs",
        "rev": "19d31fc041778c7d969b04b18b1e3cb91a804c6b",
        "type": "github"
      },
      "original": {
        "owner": "NixOS",
        "repo": "nixpkgs",
        "rev": "19d31fc041778c7d969b04b18b1e3cb91a804c6b",
        "type": "github"
      }
    },
    "root": {
      "inputs": {
        "flake-utils": "flake-utils",
        "nixpkgs": "nixpkgs",
        "nixpkgs-master": "nixpkgs-master",
        "nixpkgs-pydata-sphinx-theme": "nixpkgs-pydata-sphinx-theme"
      }
    }
  },
  "root": "root",
  "version": 7
}
