{
  "nodes": {
    "flake-utils": {
      "locked": {
        "lastModified": 1659877975,
        "narHash": "sha256-zllb8aq3YO3h8B/U0/J1WBgAL8EX5yWf5pMj3G0NAmc=",
        "owner": "numtide",
        "repo": "flake-utils",
        "rev": "c0e246b9b83f637f4681389ecabcb2681b4f3af0",
        "type": "github"
      },
      "original": {
        "owner": "numtide",
        "repo": "flake-utils",
        "type": "github"
      }
    },
    "nixpkgs": {
      "locked": {
        "lastModified": 1663879234,
        "narHash": "sha256-zCe2EVY+Jt3I7gBgMSkuGesZ57vyt/WwIUwshiwDErk=",
        "owner": "NixOS",
        "repo": "nixpkgs",
        "rev": "a8a557e233c30b60225fa5af41cc56f8409e4afb",
        "type": "github"
      },
      "original": {
        "owner": "NixOS",
        "ref": "nixpkgs-unstable",
        "repo": "nixpkgs",
        "type": "github"
      }
    },
    "nixpkgs-master": {
      "locked": {
        "lastModified": 1663926790,
        "narHash": "sha256-94I7+O66v5WbyYOP+qI9HmfeffoYvLqo93oJE4/20Is=",
        "owner": "NixOS",
        "repo": "nixpkgs",
        "rev": "866431777b6c766cea0db7aad347824d3816be68",
        "type": "github"
      },
      "original": {
        "owner": "NixOS",
        "ref": "master",
        "repo": "nixpkgs",
        "type": "github"
      }
    },
    "nixpkgs-pydata-sphinx-theme": {
      "locked": {
        "lastModified": 1656818787,
        "narHash": "sha256-hA4bxICiOpRzmAscnMPbaBJIKNUVDEbf0wg8q2iwDOs=",
        "owner": "NixOS",
        "repo": "nixpkgs",
        "rev": "19d31fc041778c7d969b04b18b1e3cb91a804c6b",
        "type": "github"
      },
      "original": {
        "owner": "NixOS",
        "repo": "nixpkgs",
        "rev": "19d31fc041778c7d969b04b18b1e3cb91a804c6b",
        "type": "github"
      }
    },
    "root": {
      "inputs": {
        "flake-utils": "flake-utils",
        "nixpkgs": "nixpkgs",
        "nixpkgs-master": "nixpkgs-master",
        "nixpkgs-pydata-sphinx-theme": "nixpkgs-pydata-sphinx-theme"
      }
    }
  },
  "root": "root",
  "version": 7
}
